<?xml version="1.0" encoding="utf-8"?>
<Project ToolsVersion="4.0" xmlns="http://schemas.microsoft.com/developer/msbuild/2003">
  <ItemGroup>
    <Filter Include="Entry">
      <UniqueIdentifier>{4FC737F1-C7A5-4376-A066-2A32D752A2FF}</UniqueIdentifier>
      <Extensions>cpp;c;cc;cxx;c++;cppm;ixx;def;odl;idl;hpj;bat;asm;asmx</Extensions>
    </Filter>
    <Filter Include="Runtime">
      <UniqueIdentifier>{67DA6AB6-F800-4c08-8B7A-83BB121AAD01}</UniqueIdentifier>
      <Extensions>rc;ico;cur;bmp;dlg;rc2;rct;bin;rgs;gif;jpg;jpeg;jpe;resx;tiff;tif;png;wav;mfcribbon-ms</Extensions>
    </Filter>
    <Filter Include="Common">
      <UniqueIdentifier>{93995380-89BD-4b04-88EB-625FBE52EBFB}</UniqueIdentifier>
      <Extensions>h;hh;hpp;hxx;h++;hm;inl;inc;ipp;xsd</Extensions>
    </Filter>
    <Filter Include="Runtime\Allocator">
      <UniqueIdentifier>{4866a2ad-c4aa-4ec8-bb8c-50ed179d1958}</UniqueIdentifier>
    </Filter>
    <Filter Include="Runtime\Base">
      <UniqueIdentifier>{6f047397-c40e-4d65-81fc-c034db404d59}</UniqueIdentifier>
    </Filter>
    <Filter Include="Runtime\Utils">
      <UniqueIdentifier>{67e7defe-fc89-49ca-a9eb-7c8b6b0af76a}</UniqueIdentifier>
    </Filter>
    <Filter Include="Runtime\Debugger">
      <UniqueIdentifier>{5d95ac65-0759-4c43-b0dc-ea27ffc89028}</UniqueIdentifier>
    </Filter>
    <Filter Include="Runtime\Render">
      <UniqueIdentifier>{19075eb9-ec8b-4efb-9708-c42f410aca6a}</UniqueIdentifier>
    </Filter>
    <Filter Include="Common\Control">
      <UniqueIdentifier>{e36634f9-ed42-4c75-a6ca-695b74a5c60f}</UniqueIdentifier>
    </Filter>
    <Filter Include="Common\Control\ButtonControl">
      <UniqueIdentifier>{91033e76-7fb6-4e44-bf2e-419326f2212a}</UniqueIdentifier>
    </Filter>
    <Filter Include="Common\Control\ImageControl">
      <UniqueIdentifier>{d38dfb79-87eb-4404-9767-455536bf95df}</UniqueIdentifier>
    </Filter>
    <Filter Include="Common\Control\TextControl">
      <UniqueIdentifier>{a16d9ebe-9a28-47a9-ad5a-50c08c299862}</UniqueIdentifier>
    </Filter>
    <Filter Include="Common\Utils">
      <UniqueIdentifier>{38514a52-46b4-4e6c-912a-3bd690add740}</UniqueIdentifier>
    </Filter>
    <Filter Include="Runtime\Allocator\tlsf">
      <UniqueIdentifier>{8442d1c1-128a-4892-9fff-36eb342fc6b8}</UniqueIdentifier>
    </Filter>
    <Filter Include="Runtime\Scene">
      <UniqueIdentifier>{86c3999a-2573-4a3b-9e4e-325161d2b5b2}</UniqueIdentifier>
    </Filter>
    <Filter Include="Runtime\String">
      <UniqueIdentifier>{ba386fe6-1370-4fa3-a9f9-2555e623e8e4}</UniqueIdentifier>
    </Filter>
    <Filter Include="Runtime\LuaEngine">
      <UniqueIdentifier>{8d0c9142-0623-4351-9710-7cb3c1ab7619}</UniqueIdentifier>
    </Filter>
    <Filter Include="Runtime\IO">
      <UniqueIdentifier>{8b6103bd-b30f-4209-8b4d-e3c61d155663}</UniqueIdentifier>
    </Filter>
    <Filter Include="Runtime\Plugins">
      <UniqueIdentifier>{73c6583c-c553-4da1-8bea-91165a0b02c8}</UniqueIdentifier>
    </Filter>
    <Filter Include="Runtime\Plugins\al">
      <UniqueIdentifier>{02d19216-5b71-4c6d-971d-04693efaef19}</UniqueIdentifier>
    </Filter>
    <Filter Include="Runtime\Plugins\freeimage">
      <UniqueIdentifier>{9dadcfa8-ee26-4a51-a018-f54e7d7588f9}</UniqueIdentifier>
    </Filter>
    <Filter Include="Runtime\Plugins\id3">
      <UniqueIdentifier>{f2918307-3136-4932-a5cb-98d775845c35}</UniqueIdentifier>
    </Filter>
    <Filter Include="Runtime\Plugins\json">
      <UniqueIdentifier>{a274beea-213c-4527-8d0a-b590817a2b38}</UniqueIdentifier>
    </Filter>
    <Filter Include="Runtime\Plugins\libqrencode">
      <UniqueIdentifier>{2265e6a5-56e9-452d-8a67-499c5c70d2f4}</UniqueIdentifier>
    </Filter>
    <Filter Include="Runtime\Plugins\Lua">
      <UniqueIdentifier>{7fa5099e-74bc-4ab8-9dcf-04833261f7b5}</UniqueIdentifier>
    </Filter>
    <Filter Include="Runtime\Plugins\md5">
      <UniqueIdentifier>{0925a242-f5fe-43bb-9e0e-a97defba956d}</UniqueIdentifier>
    </Filter>
    <Filter Include="Runtime\Plugins\mpg123">
      <UniqueIdentifier>{4f1c999b-84a9-4d98-b600-1810bb0e3fe2}</UniqueIdentifier>
    </Filter>
    <Filter Include="Runtime\Plugins\socket">
      <UniqueIdentifier>{f9f68f87-b570-48b4-954f-f9d1e1af37f9}</UniqueIdentifier>
    </Filter>
    <Filter Include="Runtime\Plugins\xml">
      <UniqueIdentifier>{7d460f84-73a8-4291-a20d-d6979b28e097}</UniqueIdentifier>
    </Filter>
    <Filter Include="Runtime\Plugins\luazip">
      <UniqueIdentifier>{3b46b3c3-f8df-404c-8163-bb01f3c89b60}</UniqueIdentifier>
    </Filter>
    <Filter Include="Runtime\NetWork">
      <UniqueIdentifier>{46c7c2f2-04a3-499c-9f32-8f6dfbbc97b8}</UniqueIdentifier>
    </Filter>
    <Filter Include="Runtime\Graphics">
      <UniqueIdentifier>{75945ed5-5730-40ab-912e-7d32b724b373}</UniqueIdentifier>
    </Filter>
    <Filter Include="Runtime\Serializer">
      <UniqueIdentifier>{36a3a3a7-5828-4bbd-9745-45799d2aca65}</UniqueIdentifier>
    </Filter>
    <Filter Include="Runtime\Math">
      <UniqueIdentifier>{74edcd8b-0b2d-47c9-8e0d-7b5e6291d3a4}</UniqueIdentifier>
    </Filter>
    <Filter Include="Runtime\Render\GL20">
      <UniqueIdentifier>{19b7c262-c6cc-406d-a420-ddffbe869b78}</UniqueIdentifier>
    </Filter>
    <Filter Include="Runtime\Geometry">
      <UniqueIdentifier>{068f6a2d-59fb-4460-a9d4-279c51e8524a}</UniqueIdentifier>
    </Filter>
    <Filter Include="Runtime\Audio">
      <UniqueIdentifier>{f920f54c-9d8f-4d1c-835f-75de9e9daf63}</UniqueIdentifier>
    </Filter>
    <Filter Include="Runtime\2D">
      <UniqueIdentifier>{3fc3bb8c-edaf-4486-a9bd-317ef6914895}</UniqueIdentifier>
    </Filter>
    <Filter Include="Runtime\Render\Light">
      <UniqueIdentifier>{f976da4c-91c4-4628-a0d5-00fce05e2488}</UniqueIdentifier>
    </Filter>
    <Filter Include="Runtime\3D">
      <UniqueIdentifier>{3106b002-9606-489c-9926-b0a973db4799}</UniqueIdentifier>
    </Filter>
    <Filter Include="Runtime\Builtin">
      <UniqueIdentifier>{c9cc2000-b1ab-490a-9e01-16c83ff99967}</UniqueIdentifier>
    </Filter>
    <Filter Include="Runtime\Builtin\3D">
      <UniqueIdentifier>{5a884c63-9e94-4e56-86da-b4a5d0b90d3d}</UniqueIdentifier>
    </Filter>
  </ItemGroup>
  <ItemGroup>
    <ClCompile Include="main.cpp">
      <Filter>Entry</Filter>
    </ClCompile>
    <ClCompile Include="..\..\Runtime\Base\Object.cpp">
      <Filter>Runtime\Base</Filter>
    </ClCompile>
    <ClCompile Include="EntryProxy.cpp">
      <Filter>Entry</Filter>
    </ClCompile>
    <ClCompile Include="..\..\Runtime\Debugger\Log.cpp">
      <Filter>Runtime\Debugger</Filter>
    </ClCompile>
    <ClCompile Include="..\Win32Common\WindowEventDispatcher.cpp">
      <Filter>Common</Filter>
    </ClCompile>
    <ClCompile Include="..\Win32Common\BaseWindow.cpp">
      <Filter>Common</Filter>
    </ClCompile>
    <ClCompile Include="..\Win32Common\DoubleBufferedWindow.cpp">
      <Filter>Common</Filter>
    </ClCompile>
    <ClCompile Include="..\Win32Common\MainWindow.cpp">
      <Filter>Common</Filter>
    </ClCompile>
    <ClCompile Include="..\Win32Common\RenderContext.cpp">
      <Filter>Common</Filter>
    </ClCompile>
    <ClCompile Include="..\Win32Common\RenderWindow.cpp">
      <Filter>Common</Filter>
    </ClCompile>
    <ClCompile Include="..\Win32Common\SplitLine.cpp">
      <Filter>Common</Filter>
    </ClCompile>
    <ClCompile Include="WinPlayerMainWindow.cpp">
      <Filter>Entry</Filter>
    </ClCompile>
    <ClCompile Include="WinPlayerView.cpp">
      <Filter>Entry</Filter>
    </ClCompile>
    <ClCompile Include="..\Win32Common\Control\Control.cpp">
      <Filter>Common\Control</Filter>
    </ClCompile>
    <ClCompile Include="..\Win32Common\Control\ButtonControl\ImageButton.cpp">
      <Filter>Common\Control\ButtonControl</Filter>
    </ClCompile>
    <ClCompile Include="..\Win32Common\Control\ImageControl\ImageControl.cpp">
      <Filter>Common\Control\ImageControl</Filter>
    </ClCompile>
    <ClCompile Include="..\Win32Common\Control\ImageControl\ScaledImage.cpp">
      <Filter>Common\Control\ImageControl</Filter>
    </ClCompile>
    <ClCompile Include="..\Win32Common\Control\ImageControl\SelectableImageControl.cpp">
      <Filter>Common\Control\ImageControl</Filter>
    </ClCompile>
    <ClCompile Include="..\Win32Common\Control\TextControl\StaticText.cpp">
      <Filter>Common\Control\TextControl</Filter>
    </ClCompile>
    <ClCompile Include="..\Win32Common\Utils\FolderSelecter.cpp">
      <Filter>Common\Utils</Filter>
    </ClCompile>
    <ClCompile Include="..\..\Runtime\Allocator\tlsf\tlsf.c">
      <Filter>Runtime\Allocator\tlsf</Filter>
    </ClCompile>
    <ClCompile Include="..\..\Runtime\Allocator\DefaultAllocator.cpp">
      <Filter>Runtime\Allocator</Filter>
    </ClCompile>
    <ClCompile Include="..\..\Runtime\Base\YosefGUID.cpp">
      <Filter>Runtime\Base</Filter>
    </ClCompile>
    <ClCompile Include="..\..\Runtime\IO\FileItem.cpp">
      <Filter>Runtime\IO</Filter>
    </ClCompile>
    <ClCompile Include="..\..\Runtime\IO\FileSystem.cpp">
      <Filter>Runtime\IO</Filter>
    </ClCompile>
    <ClCompile Include="..\..\Runtime\IO\YosefData.cpp">
      <Filter>Runtime\IO</Filter>
    </ClCompile>
    <ClCompile Include="..\..\Runtime\Scene\SceneManager.cpp">
      <Filter>Runtime\Scene</Filter>
    </ClCompile>
    <ClCompile Include="..\..\Runtime\String\StringUtils.cpp">
      <Filter>Runtime\String</Filter>
    </ClCompile>
    <ClCompile Include="..\..\Runtime\Debugger\Debugger.cpp">
      <Filter>Runtime\Debugger</Filter>
    </ClCompile>
    <ClCompile Include="..\..\Runtime\LuaEngine\LuaEngine.cpp">
      <Filter>Runtime\LuaEngine</Filter>
    </ClCompile>
    <ClCompile Include="..\..\Runtime\Plugins\id3\frame.c">
      <Filter>Runtime\Plugins\id3</Filter>
    </ClCompile>
    <ClCompile Include="..\..\Runtime\Plugins\id3\header.c">
      <Filter>Runtime\Plugins\id3</Filter>
    </ClCompile>
    <ClCompile Include="..\..\Runtime\Plugins\id3\id3v2lib.c">
      <Filter>Runtime\Plugins\id3</Filter>
    </ClCompile>
    <ClCompile Include="..\..\Runtime\Plugins\id3\types.c">
      <Filter>Runtime\Plugins\id3</Filter>
    </ClCompile>
    <ClCompile Include="..\..\Runtime\Plugins\id3\utils.c">
      <Filter>Runtime\Plugins\id3</Filter>
    </ClCompile>
    <ClCompile Include="..\..\Runtime\Plugins\json\fpconv.c">
      <Filter>Runtime\Plugins\json</Filter>
    </ClCompile>
    <ClCompile Include="..\..\Runtime\Plugins\json\Json.c">
      <Filter>Runtime\Plugins\json</Filter>
    </ClCompile>
    <ClCompile Include="..\..\Runtime\Plugins\json\lua_cjson.c">
      <Filter>Runtime\Plugins\json</Filter>
    </ClCompile>
    <ClCompile Include="..\..\Runtime\Plugins\json\strbuf.c">
      <Filter>Runtime\Plugins\json</Filter>
    </ClCompile>
    <ClCompile Include="..\..\Runtime\Plugins\libqrencode\bitstream.c">
      <Filter>Runtime\Plugins\libqrencode</Filter>
    </ClCompile>
    <ClCompile Include="..\..\Runtime\Plugins\libqrencode\decode.c">
      <Filter>Runtime\Plugins\libqrencode</Filter>
    </ClCompile>
    <ClCompile Include="..\..\Runtime\Plugins\libqrencode\identify.c">
      <Filter>Runtime\Plugins\libqrencode</Filter>
    </ClCompile>
    <ClCompile Include="..\..\Runtime\Plugins\libqrencode\mask.c">
      <Filter>Runtime\Plugins\libqrencode</Filter>
    </ClCompile>
    <ClCompile Include="..\..\Runtime\Plugins\libqrencode\qrencode.c">
      <Filter>Runtime\Plugins\libqrencode</Filter>
    </ClCompile>
    <ClCompile Include="..\..\Runtime\Plugins\libqrencode\qrinput.c">
      <Filter>Runtime\Plugins\libqrencode</Filter>
    </ClCompile>
    <ClCompile Include="..\..\Runtime\Plugins\libqrencode\qrspec.c">
      <Filter>Runtime\Plugins\libqrencode</Filter>
    </ClCompile>
    <ClCompile Include="..\..\Runtime\Plugins\libqrencode\quirc.c">
      <Filter>Runtime\Plugins\libqrencode</Filter>
    </ClCompile>
    <ClCompile Include="..\..\Runtime\Plugins\libqrencode\rscode.c">
      <Filter>Runtime\Plugins\libqrencode</Filter>
    </ClCompile>
    <ClCompile Include="..\..\Runtime\Plugins\libqrencode\split.c">
      <Filter>Runtime\Plugins\libqrencode</Filter>
    </ClCompile>
    <ClCompile Include="..\..\Runtime\Plugins\libqrencode\version_db.c">
      <Filter>Runtime\Plugins\libqrencode</Filter>
    </ClCompile>
    <ClCompile Include="..\..\Runtime\Plugins\md5\md5.c">
      <Filter>Runtime\Plugins\md5</Filter>
    </ClCompile>
    <ClCompile Include="..\..\Runtime\Plugins\md5\md5lib.c">
      <Filter>Runtime\Plugins\md5</Filter>
    </ClCompile>
    <ClCompile Include="..\..\Runtime\Plugins\xml\luaxml.c">
      <Filter>Runtime\Plugins\xml</Filter>
    </ClCompile>
    <ClCompile Include="..\..\Runtime\Plugins\zip\lua_zip.c">
      <Filter>Runtime\Plugins\luazip</Filter>
    </ClCompile>
    <ClCompile Include="..\..\Runtime\String\FixedString.cpp">
      <Filter>Runtime\String</Filter>
    </ClCompile>
    <ClCompile Include="..\..\Runtime\NetWork\SocketUtils.cpp">
      <Filter>Runtime\NetWork</Filter>
    </ClCompile>
    <ClCompile Include="..\..\Runtime\Utils\Timer.cpp">
      <Filter>Runtime\Utils</Filter>
    </ClCompile>
    <ClCompile Include="..\..\Runtime\Graphics\ImageUtils.cpp">
      <Filter>Runtime\Graphics</Filter>
    </ClCompile>
    <ClCompile Include="..\..\Runtime\Serializer\Animation.serializer.cpp">
      <Filter>Runtime\Serializer</Filter>
    </ClCompile>
    <ClCompile Include="..\..\Runtime\Serializer\Assets.serializer.cpp">
      <Filter>Runtime\Serializer</Filter>
    </ClCompile>
    <ClCompile Include="..\..\Runtime\Serializer\Audio.serializer.cpp">
      <Filter>Runtime\Serializer</Filter>
    </ClCompile>
    <ClCompile Include="..\..\Runtime\Serializer\Avatar.serializer.cpp">
      <Filter>Runtime\Serializer</Filter>
    </ClCompile>
    <ClCompile Include="..\..\Runtime\Serializer\Camera.serializer.cpp">
      <Filter>Runtime\Serializer</Filter>
    </ClCompile>
    <ClCompile Include="..\..\Runtime\Serializer\Color.serializer.cpp">
      <Filter>Runtime\Serializer</Filter>
    </ClCompile>
    <ClCompile Include="..\..\Runtime\Serializer\GameObject.serializer.cpp">
      <Filter>Runtime\Serializer</Filter>
    </ClCompile>
    <ClCompile Include="..\..\Runtime\Serializer\GLSL.serializer.cpp">
      <Filter>Runtime\Serializer</Filter>
    </ClCompile>
    <ClCompile Include="..\..\Runtime\Serializer\ImageSprite.serializer.cpp">
      <Filter>Runtime\Serializer</Filter>
    </ClCompile>
    <ClCompile Include="..\..\Runtime\Serializer\Label.serializer.cpp">
      <Filter>Runtime\Serializer</Filter>
    </ClCompile>
    <ClCompile Include="..\..\Runtime\Serializer\Material.serializer.cpp">
      <Filter>Runtime\Serializer</Filter>
    </ClCompile>
    <ClCompile Include="..\..\Runtime\Serializer\Mesh.serializer.cpp">
      <Filter>Runtime\Serializer</Filter>
    </ClCompile>
    <ClCompile Include="..\..\Runtime\Serializer\Particle.serializer.cpp">
      <Filter>Runtime\Serializer</Filter>
    </ClCompile>
    <ClCompile Include="..\..\Runtime\Serializer\Physics.serializer.cpp">
      <Filter>Runtime\Serializer</Filter>
    </ClCompile>
    <ClCompile Include="..\..\Runtime\Serializer\TextureAtlas.serializer.cpp">
      <Filter>Runtime\Serializer</Filter>
    </ClCompile>
    <ClCompile Include="..\..\Runtime\Serializer\TextureInfo.serializer.cpp">
      <Filter>Runtime\Serializer</Filter>
    </ClCompile>
    <ClCompile Include="..\..\Runtime\Serializer\Vector.serializer.cpp">
      <Filter>Runtime\Serializer</Filter>
    </ClCompile>
    <ClCompile Include="..\..\Runtime\Serializer\WindowsPlayer.serializer.cpp">
      <Filter>Runtime\Serializer</Filter>
    </ClCompile>
    <ClCompile Include="..\..\Runtime\Math\YosefFloat.cpp">
      <Filter>Runtime\Math</Filter>
    </ClCompile>
    <ClCompile Include="..\..\Runtime\IO\AndroidAssetReader.cpp">
      <Filter>Runtime\IO</Filter>
    </ClCompile>
    <ClCompile Include="..\..\Runtime\IO\AudioResource.cpp">
      <Filter>Runtime\IO</Filter>
    </ClCompile>
    <ClCompile Include="..\..\Runtime\IO\ImageResource.cpp">
      <Filter>Runtime\IO</Filter>
    </ClCompile>
    <ClCompile Include="..\..\Runtime\IO\ResourceManager.cpp">
      <Filter>Runtime\IO</Filter>
    </ClCompile>
    <ClCompile Include="..\..\Runtime\IO\TextureResource.cpp">
      <Filter>Runtime\IO</Filter>
    </ClCompile>
    <ClCompile Include="..\..\Runtime\IO\YosefResource.cpp">
      <Filter>Runtime\IO</Filter>
    </ClCompile>
    <ClCompile Include="..\..\Runtime\Math\Color.cpp">
      <Filter>Runtime\Math</Filter>
    </ClCompile>
    <ClCompile Include="..\..\Runtime\Math\ColorHSB.cpp">
      <Filter>Runtime\Math</Filter>
    </ClCompile>
    <ClCompile Include="..\..\Runtime\Math\Vector2.cpp">
      <Filter>Runtime\Math</Filter>
    </ClCompile>
    <ClCompile Include="..\..\Runtime\Math\Vector3.cpp">
      <Filter>Runtime\Math</Filter>
    </ClCompile>
    <ClCompile Include="..\..\Runtime\Math\Vector4.cpp">
      <Filter>Runtime\Math</Filter>
    </ClCompile>
    <ClCompile Include="..\..\Runtime\Render\GL20\BufferObject.cpp">
      <Filter>Runtime\Render\GL20</Filter>
    </ClCompile>
    <ClCompile Include="..\..\Runtime\Render\GL20\EBO.cpp">
      <Filter>Runtime\Render\GL20</Filter>
    </ClCompile>
    <ClCompile Include="..\..\Runtime\Render\GL20\FBO.cpp">
      <Filter>Runtime\Render\GL20</Filter>
    </ClCompile>
    <ClCompile Include="..\..\Runtime\Render\GL20\GLSL.cpp">
      <Filter>Runtime\Render\GL20</Filter>
    </ClCompile>
    <ClCompile Include="..\..\Runtime\Render\GL20\RBO.cpp">
      <Filter>Runtime\Render\GL20</Filter>
    </ClCompile>
    <ClCompile Include="..\..\Runtime\Render\GL20\Texture2D.cpp">
      <Filter>Runtime\Render\GL20</Filter>
    </ClCompile>
    <ClCompile Include="..\..\Runtime\Render\GL20\TextureCube.cpp">
      <Filter>Runtime\Render\GL20</Filter>
    </ClCompile>
    <ClCompile Include="..\..\Runtime\Render\GL20\TextureUnit.cpp">
      <Filter>Runtime\Render\GL20</Filter>
    </ClCompile>
    <ClCompile Include="..\..\Runtime\Render\GL20\VBO.cpp">
      <Filter>Runtime\Render\GL20</Filter>
    </ClCompile>
    <ClCompile Include="..\..\Runtime\Render\Attribute.cpp">
      <Filter>Runtime\Render</Filter>
    </ClCompile>
    <ClCompile Include="..\..\Runtime\Render\MaterialProperty.cpp">
      <Filter>Runtime\Render</Filter>
    </ClCompile>
    <ClCompile Include="..\..\Runtime\Render\RenderMisc.cpp">
      <Filter>Runtime\Render</Filter>
    </ClCompile>
    <ClCompile Include="..\..\Runtime\Render\RenderState.cpp">
      <Filter>Runtime\Render</Filter>
    </ClCompile>
    <ClCompile Include="..\..\Runtime\Render\VertexData.cpp">
      <Filter>Runtime\Render</Filter>
    </ClCompile>
    <ClCompile Include="..\..\Runtime\Math\Matrix3x3.cpp">
      <Filter>Runtime\Math</Filter>
    </ClCompile>
    <ClCompile Include="..\..\Runtime\Math\Quaternion.cpp">
      <Filter>Runtime\Math</Filter>
    </ClCompile>
    <ClCompile Include="..\..\Runtime\Math\YosefMatrix4x4.cpp">
      <Filter>Runtime\Math</Filter>
    </ClCompile>
    <ClCompile Include="..\..\Runtime\IO\ShaderResource.cpp">
      <Filter>Runtime\IO</Filter>
    </ClCompile>
    <ClCompile Include="..\..\Runtime\Geometry\Bezier.cpp">
      <Filter>Runtime\Geometry</Filter>
    </ClCompile>
    <ClCompile Include="..\..\Runtime\Geometry\CubicBezier.cpp">
      <Filter>Runtime\Geometry</Filter>
    </ClCompile>
    <ClCompile Include="..\..\Runtime\Geometry\Curve.cpp">
      <Filter>Runtime\Geometry</Filter>
    </ClCompile>
    <ClCompile Include="..\..\Runtime\Geometry\Ray.cpp">
      <Filter>Runtime\Geometry</Filter>
    </ClCompile>
    <ClCompile Include="..\..\Runtime\Geometry\Sphere.cpp">
      <Filter>Runtime\Geometry</Filter>
    </ClCompile>
    <ClCompile Include="..\..\Runtime\Geometry\AABB.cpp">
      <Filter>Runtime\Geometry</Filter>
    </ClCompile>
    <ClCompile Include="..\..\Runtime\Geometry\Intersection.cpp">
      <Filter>Runtime\Geometry</Filter>
    </ClCompile>
    <ClCompile Include="..\..\Runtime\Utils\TreeViewNode.cpp">
      <Filter>Runtime\Utils</Filter>
    </ClCompile>
    <ClCompile Include="..\..\Runtime\Utils\TTree.cpp">
      <Filter>Runtime\Utils</Filter>
    </ClCompile>
    <ClCompile Include="..\..\Runtime\Audio\AudioBuffer.cpp">
      <Filter>Runtime\Audio</Filter>
    </ClCompile>
    <ClCompile Include="..\..\Runtime\Audio\AudioDebugger.cpp">
      <Filter>Runtime\Audio</Filter>
    </ClCompile>
    <ClCompile Include="..\..\Runtime\Audio\AudioDevice.cpp">
      <Filter>Runtime\Audio</Filter>
    </ClCompile>
    <ClCompile Include="..\..\Runtime\Audio\AudioListener.cpp">
      <Filter>Runtime\Audio</Filter>
    </ClCompile>
    <ClCompile Include="..\..\Runtime\Audio\AudioSource.cpp">
      <Filter>Runtime\Audio</Filter>
    </ClCompile>
    <ClCompile Include="..\..\Runtime\Base\Component.cpp">
      <Filter>Runtime\Base</Filter>
    </ClCompile>
    <ClCompile Include="..\..\Runtime\Base\ScriptObject.cpp">
      <Filter>Runtime\Base</Filter>
    </ClCompile>
    <ClCompile Include="..\..\Runtime\Base\Transform.cpp">
      <Filter>Runtime\Base</Filter>
    </ClCompile>
    <ClCompile Include="..\..\Runtime\LuaEngine\LuaCallback.cpp">
      <Filter>Runtime\LuaEngine</Filter>
    </ClCompile>
    <ClCompile Include="..\..\Runtime\Render\Camera.cpp">
      <Filter>Runtime\Render</Filter>
    </ClCompile>
    <ClCompile Include="..\..\Runtime\Scene\TouchEvent.cpp">
      <Filter>Runtime\Scene</Filter>
    </ClCompile>
    <ClCompile Include="..\..\Runtime\Scene\EventDispatcher.cpp">
      <Filter>Runtime\Scene</Filter>
    </ClCompile>
    <ClCompile Include="..\..\Runtime\Scene\GameObject.cpp">
      <Filter>Runtime\Scene</Filter>
    </ClCompile>
    <ClCompile Include="..\..\Runtime\Scene\GameObjectPhysicsComponent.cpp">
      <Filter>Runtime\Scene</Filter>
    </ClCompile>
    <ClCompile Include="..\..\Runtime\Scene\GameObjectRenderComponent.cpp">
      <Filter>Runtime\Scene</Filter>
    </ClCompile>
    <ClCompile Include="..\..\Runtime\Scene\GameObjectScriptComponent.cpp">
      <Filter>Runtime\Scene</Filter>
    </ClCompile>
    <ClCompile Include="..\..\Runtime\Scene\RendererManager.cpp">
      <Filter>Runtime\Scene</Filter>
    </ClCompile>
    <ClCompile Include="..\..\Runtime\2D\Component2D.cpp">
      <Filter>Runtime\2D</Filter>
    </ClCompile>
    <ClCompile Include="..\..\Runtime\2D\FullScreenQuad.cpp">
      <Filter>Runtime\2D</Filter>
    </ClCompile>
    <ClCompile Include="..\..\Runtime\2D\ImageSprite.cpp">
      <Filter>Runtime\2D</Filter>
    </ClCompile>
    <ClCompile Include="..\..\Runtime\2D\ImageSprite9.cpp">
      <Filter>Runtime\2D</Filter>
    </ClCompile>
    <ClCompile Include="..\..\Runtime\Render\Light\Light.cpp">
      <Filter>Runtime\Render\Light</Filter>
    </ClCompile>
    <ClCompile Include="..\..\Runtime\Render\Material.cpp">
      <Filter>Runtime\Render</Filter>
    </ClCompile>
    <ClCompile Include="..\..\Runtime\Render\RenderPass.cpp">
      <Filter>Runtime\Render</Filter>
    </ClCompile>
    <ClCompile Include="..\..\Runtime\Render\Shader.cpp">
      <Filter>Runtime\Render</Filter>
    </ClCompile>
    <ClCompile Include="..\..\Runtime\Render\UniformUpdater.cpp">
      <Filter>Runtime\Render</Filter>
    </ClCompile>
    <ClCompile Include="..\..\Runtime\3D\Mesh.cpp">
      <Filter>Runtime\3D</Filter>
    </ClCompile>
    <ClCompile Include="..\..\Runtime\3D\Model.cpp">
      <Filter>Runtime\3D</Filter>
    </ClCompile>
    <ClCompile Include="..\..\Runtime\Builtin\3D\SkyBox.cpp">
      <Filter>Runtime\Builtin\3D</Filter>
    </ClCompile>
    <ClCompile Include="..\..\Runtime\Render\IndexBuffer.cpp">
      <Filter>Runtime\Render</Filter>
    </ClCompile>
  </ItemGroup>
  <ItemGroup>
    <ClInclude Include="..\..\Runtime\RuntimePrefix.h">
      <Filter>Runtime</Filter>
    </ClInclude>
    <ClInclude Include="..\..\Runtime\Base\Object.h">
      <Filter>Runtime\Base</Filter>
    </ClInclude>
    <ClInclude Include="..\..\Runtime\Utils\LinkedList.h">
      <Filter>Runtime\Utils</Filter>
    </ClInclude>
    <ClInclude Include="..\..\Runtime\Debugger\Log.h">
      <Filter>Runtime\Debugger</Filter>
    </ClInclude>
    <ClInclude Include="..\Win32Common\WindowEventDispatcher.h">
      <Filter>Common</Filter>
    </ClInclude>
    <ClInclude Include="..\Win32Common\BaseWindow.h">
      <Filter>Common</Filter>
    </ClInclude>
    <ClInclude Include="..\Win32Common\DoubleBufferedWindow.h">
      <Filter>Common</Filter>
    </ClInclude>
    <ClInclude Include="..\Win32Common\MainWindow.h">
      <Filter>Common</Filter>
    </ClInclude>
    <ClInclude Include="..\Win32Common\RenderContext.h">
      <Filter>Common</Filter>
    </ClInclude>
    <ClInclude Include="..\Win32Common\RenderWindow.h">
      <Filter>Common</Filter>
    </ClInclude>
    <ClInclude Include="..\Win32Common\SplitLine.h">
      <Filter>Common</Filter>
    </ClInclude>
    <ClInclude Include="..\..\Runtime\Render\YosefGL.h">
      <Filter>Runtime\Render</Filter>
    </ClInclude>
    <ClInclude Include="WinPlayerMainWindow.h">
      <Filter>Entry</Filter>
    </ClInclude>
    <ClInclude Include="WinPlayerView.h">
      <Filter>Entry</Filter>
    </ClInclude>
    <ClInclude Include="..\Win32Common\Control\Control.h">
      <Filter>Common\Control</Filter>
    </ClInclude>
    <ClInclude Include="..\Win32Common\Control\ButtonControl\ImageButton.h">
      <Filter>Common\Control\ButtonControl</Filter>
    </ClInclude>
    <ClInclude Include="..\Win32Common\Control\ImageControl\ImageControl.h">
      <Filter>Common\Control\ImageControl</Filter>
    </ClInclude>
    <ClInclude Include="..\Win32Common\Control\ImageControl\ScaledImage.h">
      <Filter>Common\Control\ImageControl</Filter>
    </ClInclude>
    <ClInclude Include="..\Win32Common\Control\ImageControl\SelectableImageControl.h">
      <Filter>Common\Control\ImageControl</Filter>
    </ClInclude>
    <ClInclude Include="..\Win32Common\Control\TextControl\StaticText.h">
      <Filter>Common\Control\TextControl</Filter>
    </ClInclude>
    <ClInclude Include="..\Win32Common\Utils\FolderSelecter.h">
      <Filter>Common\Utils</Filter>
    </ClInclude>
    <ClInclude Include="..\..\Runtime\Allocator\tlsf\tlsf.h">
      <Filter>Runtime\Allocator\tlsf</Filter>
    </ClInclude>
    <ClInclude Include="..\..\Runtime\Allocator\tlsf\tlsfbits.h">
      <Filter>Runtime\Allocator\tlsf</Filter>
    </ClInclude>
    <ClInclude Include="..\..\Runtime\Allocator\DefaultAllocator.h">
      <Filter>Runtime\Allocator</Filter>
    </ClInclude>
    <ClInclude Include="..\..\Runtime\Allocator\MemoryLabel.h">
      <Filter>Runtime\Allocator</Filter>
    </ClInclude>
    <ClInclude Include="..\..\Runtime\Base\YosefGUID.h">
      <Filter>Runtime\Base</Filter>
    </ClInclude>
    <ClInclude Include="..\..\Runtime\IO\FileItem.h">
      <Filter>Runtime\IO</Filter>
    </ClInclude>
    <ClInclude Include="..\..\Runtime\IO\FileSystem.h">
      <Filter>Runtime\IO</Filter>
    </ClInclude>
    <ClInclude Include="..\..\Runtime\IO\YosefData.h">
      <Filter>Runtime\IO</Filter>
    </ClInclude>
    <ClInclude Include="..\..\Runtime\Scene\SceneManager.h">
      <Filter>Runtime\Scene</Filter>
    </ClInclude>
    <ClInclude Include="..\..\Runtime\Utils\SmartPtr.h">
      <Filter>Runtime\Utils</Filter>
    </ClInclude>
    <ClInclude Include="..\..\Runtime\String\StringUtils.h">
      <Filter>Runtime\String</Filter>
    </ClInclude>
    <ClInclude Include="..\..\Runtime\Debugger\Debugger.h">
      <Filter>Runtime\Debugger</Filter>
    </ClInclude>
    <ClInclude Include="..\..\Runtime\LuaEngine\LuaEngine.h">
      <Filter>Runtime\LuaEngine</Filter>
    </ClInclude>
    <ClInclude Include="resource.h">
      <Filter>Common</Filter>
    </ClInclude>
    <ClInclude Include="..\..\Runtime\Plugins\al\al.h">
      <Filter>Runtime\Plugins\al</Filter>
    </ClInclude>
    <ClInclude Include="..\..\Runtime\Plugins\al\alc.h">
      <Filter>Runtime\Plugins\al</Filter>
    </ClInclude>
    <ClInclude Include="..\..\Runtime\Plugins\al\alext.h">
      <Filter>Runtime\Plugins\al</Filter>
    </ClInclude>
    <ClInclude Include="..\..\Runtime\Plugins\al\efx.h">
      <Filter>Runtime\Plugins\al</Filter>
    </ClInclude>
    <ClInclude Include="..\..\Runtime\Plugins\al\efx-creative.h">
      <Filter>Runtime\Plugins\al</Filter>
    </ClInclude>
    <ClInclude Include="..\..\Runtime\Plugins\al\efx-presets.h">
      <Filter>Runtime\Plugins\al</Filter>
    </ClInclude>
    <ClInclude Include="..\..\Runtime\Plugins\freeimage\FreeImage.h">
      <Filter>Runtime\Plugins\freeimage</Filter>
    </ClInclude>
    <ClInclude Include="..\..\Runtime\Plugins\id3\constants.h">
      <Filter>Runtime\Plugins\id3</Filter>
    </ClInclude>
    <ClInclude Include="..\..\Runtime\Plugins\id3\frame.h">
      <Filter>Runtime\Plugins\id3</Filter>
    </ClInclude>
    <ClInclude Include="..\..\Runtime\Plugins\id3\header.h">
      <Filter>Runtime\Plugins\id3</Filter>
    </ClInclude>
    <ClInclude Include="..\..\Runtime\Plugins\id3\id3v2lib.h">
      <Filter>Runtime\Plugins\id3</Filter>
    </ClInclude>
    <ClInclude Include="..\..\Runtime\Plugins\id3\types.h">
      <Filter>Runtime\Plugins\id3</Filter>
    </ClInclude>
    <ClInclude Include="..\..\Runtime\Plugins\id3\utils.h">
      <Filter>Runtime\Plugins\id3</Filter>
    </ClInclude>
    <ClInclude Include="..\..\Runtime\Plugins\json\fpconv.h">
      <Filter>Runtime\Plugins\json</Filter>
    </ClInclude>
    <ClInclude Include="..\..\Runtime\Plugins\json\Json.h">
      <Filter>Runtime\Plugins\json</Filter>
    </ClInclude>
    <ClInclude Include="..\..\Runtime\Plugins\json\strbuf.h">
      <Filter>Runtime\Plugins\json</Filter>
    </ClInclude>
    <ClInclude Include="..\..\Runtime\Plugins\libqrencode\bitstream.h">
      <Filter>Runtime\Plugins\libqrencode</Filter>
    </ClInclude>
    <ClInclude Include="..\..\Runtime\Plugins\libqrencode\mask.h">
      <Filter>Runtime\Plugins\libqrencode</Filter>
    </ClInclude>
    <ClInclude Include="..\..\Runtime\Plugins\libqrencode\qrencode.h">
      <Filter>Runtime\Plugins\libqrencode</Filter>
    </ClInclude>
    <ClInclude Include="..\..\Runtime\Plugins\libqrencode\qrinput.h">
      <Filter>Runtime\Plugins\libqrencode</Filter>
    </ClInclude>
    <ClInclude Include="..\..\Runtime\Plugins\libqrencode\qrspec.h">
      <Filter>Runtime\Plugins\libqrencode</Filter>
    </ClInclude>
    <ClInclude Include="..\..\Runtime\Plugins\libqrencode\quirc.h">
      <Filter>Runtime\Plugins\libqrencode</Filter>
    </ClInclude>
    <ClInclude Include="..\..\Runtime\Plugins\libqrencode\quirc_internal.h">
      <Filter>Runtime\Plugins\libqrencode</Filter>
    </ClInclude>
    <ClInclude Include="..\..\Runtime\Plugins\libqrencode\rscode.h">
      <Filter>Runtime\Plugins\libqrencode</Filter>
    </ClInclude>
    <ClInclude Include="..\..\Runtime\Plugins\libqrencode\split.h">
      <Filter>Runtime\Plugins\libqrencode</Filter>
    </ClInclude>
    <ClInclude Include="..\..\Runtime\Plugins\Lua\lua.hpp">
      <Filter>Runtime\Plugins\Lua</Filter>
    </ClInclude>
    <ClInclude Include="..\..\Runtime\Plugins\md5\md5.h">
      <Filter>Runtime\Plugins\md5</Filter>
    </ClInclude>
    <ClInclude Include="..\..\Runtime\Plugins\mpg123\mpg123.h">
      <Filter>Runtime\Plugins\mpg123</Filter>
    </ClInclude>
    <ClInclude Include="..\..\Runtime\Plugins\socket\luasocket.h">
      <Filter>Runtime\Plugins\socket</Filter>
    </ClInclude>
    <ClInclude Include="..\..\Runtime\Plugins\socket\mime.h">
      <Filter>Runtime\Plugins\socket</Filter>
    </ClInclude>
    <ClInclude Include="..\..\Runtime\String\FixedString.h">
      <Filter>Runtime\String</Filter>
    </ClInclude>
    <ClInclude Include="..\..\Runtime\NetWork\SocketUtils.h">
      <Filter>Runtime\NetWork</Filter>
    </ClInclude>
    <ClInclude Include="..\..\Runtime\Utils\Timer.h">
      <Filter>Runtime\Utils</Filter>
    </ClInclude>
    <ClInclude Include="..\..\Runtime\Graphics\ImageUtils.h">
      <Filter>Runtime\Graphics</Filter>
    </ClInclude>
    <ClInclude Include="..\..\Runtime\Base\ClassID.h">
      <Filter>Runtime\Base</Filter>
    </ClInclude>
    <ClInclude Include="..\..\Runtime\Serializer\Animation.serializer.h">
      <Filter>Runtime\Serializer</Filter>
    </ClInclude>
    <ClInclude Include="..\..\Runtime\Serializer\Assets.serializer.h">
      <Filter>Runtime\Serializer</Filter>
    </ClInclude>
    <ClInclude Include="..\..\Runtime\Serializer\Audio.serializer.h">
      <Filter>Runtime\Serializer</Filter>
    </ClInclude>
    <ClInclude Include="..\..\Runtime\Serializer\Avatar.serializer.h">
      <Filter>Runtime\Serializer</Filter>
    </ClInclude>
    <ClInclude Include="..\..\Runtime\Serializer\Camera.serializer.h">
      <Filter>Runtime\Serializer</Filter>
    </ClInclude>
    <ClInclude Include="..\..\Runtime\Serializer\Color.serializer.h">
      <Filter>Runtime\Serializer</Filter>
    </ClInclude>
    <ClInclude Include="..\..\Runtime\Serializer\GameObject.serializer.h">
      <Filter>Runtime\Serializer</Filter>
    </ClInclude>
    <ClInclude Include="..\..\Runtime\Serializer\GLSL.serializer.h">
      <Filter>Runtime\Serializer</Filter>
    </ClInclude>
    <ClInclude Include="..\..\Runtime\Serializer\ImageSprite.serializer.h">
      <Filter>Runtime\Serializer</Filter>
    </ClInclude>
    <ClInclude Include="..\..\Runtime\Serializer\Label.serializer.h">
      <Filter>Runtime\Serializer</Filter>
    </ClInclude>
    <ClInclude Include="..\..\Runtime\Serializer\Material.serializer.h">
      <Filter>Runtime\Serializer</Filter>
    </ClInclude>
    <ClInclude Include="..\..\Runtime\Serializer\Mesh.serializer.h">
      <Filter>Runtime\Serializer</Filter>
    </ClInclude>
    <ClInclude Include="..\..\Runtime\Serializer\Particle.serializer.h">
      <Filter>Runtime\Serializer</Filter>
    </ClInclude>
    <ClInclude Include="..\..\Runtime\Serializer\Physics.serializer.h">
      <Filter>Runtime\Serializer</Filter>
    </ClInclude>
    <ClInclude Include="..\..\Runtime\Serializer\TextureAtlas.serializer.h">
      <Filter>Runtime\Serializer</Filter>
    </ClInclude>
    <ClInclude Include="..\..\Runtime\Serializer\TextureInfo.serializer.h">
      <Filter>Runtime\Serializer</Filter>
    </ClInclude>
    <ClInclude Include="..\..\Runtime\Serializer\Vector.serializer.h">
      <Filter>Runtime\Serializer</Filter>
    </ClInclude>
    <ClInclude Include="..\..\Runtime\Serializer\WindowsPlayer.serializer.h">
      <Filter>Runtime\Serializer</Filter>
    </ClInclude>
    <ClInclude Include="..\..\Runtime\Math\YosefFloat.h">
      <Filter>Runtime\Math</Filter>
    </ClInclude>
    <ClInclude Include="..\..\Runtime\IO\AndroidAssetReader.h">
      <Filter>Runtime\IO</Filter>
    </ClInclude>
    <ClInclude Include="..\..\Runtime\IO\AudioResource.h">
      <Filter>Runtime\IO</Filter>
    </ClInclude>
    <ClInclude Include="..\..\Runtime\IO\ImageResource.h">
      <Filter>Runtime\IO</Filter>
    </ClInclude>
    <ClInclude Include="..\..\Runtime\IO\IOSBundleManager.h">
      <Filter>Runtime\IO</Filter>
    </ClInclude>
    <ClInclude Include="..\..\Runtime\IO\ResourceManager.h">
      <Filter>Runtime\IO</Filter>
    </ClInclude>
    <ClInclude Include="..\..\Runtime\IO\TextureResource.h">
      <Filter>Runtime\IO</Filter>
    </ClInclude>
    <ClInclude Include="..\..\Runtime\IO\YosefResource.h">
      <Filter>Runtime\IO</Filter>
    </ClInclude>
    <ClInclude Include="..\..\Runtime\IO\YosefResourceType.h">
      <Filter>Runtime\IO</Filter>
    </ClInclude>
    <ClInclude Include="..\..\Runtime\Math\Color.h">
      <Filter>Runtime\Math</Filter>
    </ClInclude>
    <ClInclude Include="..\..\Runtime\Math\ColorHSB.h">
      <Filter>Runtime\Math</Filter>
    </ClInclude>
    <ClInclude Include="..\..\Runtime\Math\Rect.h">
      <Filter>Runtime\Math</Filter>
    </ClInclude>
    <ClInclude Include="..\..\Runtime\Math\Vector2.h">
      <Filter>Runtime\Math</Filter>
    </ClInclude>
    <ClInclude Include="..\..\Runtime\Math\Vector3.h">
      <Filter>Runtime\Math</Filter>
    </ClInclude>
    <ClInclude Include="..\..\Runtime\Math\Vector4.h">
      <Filter>Runtime\Math</Filter>
    </ClInclude>
    <ClInclude Include="..\..\Runtime\Render\GL20\BufferObject.h">
      <Filter>Runtime\Render\GL20</Filter>
    </ClInclude>
    <ClInclude Include="..\..\Runtime\Render\GL20\EBO.h">
      <Filter>Runtime\Render\GL20</Filter>
    </ClInclude>
    <ClInclude Include="..\..\Runtime\Render\GL20\FBO.h">
      <Filter>Runtime\Render\GL20</Filter>
    </ClInclude>
    <ClInclude Include="..\..\Runtime\Render\GL20\GLSL.h">
      <Filter>Runtime\Render\GL20</Filter>
    </ClInclude>
    <ClInclude Include="..\..\Runtime\Render\GL20\RBO.h">
      <Filter>Runtime\Render\GL20</Filter>
    </ClInclude>
    <ClInclude Include="..\..\Runtime\Render\GL20\ShaderProperties.h">
      <Filter>Runtime\Render\GL20</Filter>
    </ClInclude>
    <ClInclude Include="..\..\Runtime\Render\GL20\Texture2D.h">
      <Filter>Runtime\Render\GL20</Filter>
    </ClInclude>
    <ClInclude Include="..\..\Runtime\Render\GL20\TextureCube.h">
      <Filter>Runtime\Render\GL20</Filter>
    </ClInclude>
    <ClInclude Include="..\..\Runtime\Render\GL20\TextureUnit.h">
      <Filter>Runtime\Render\GL20</Filter>
    </ClInclude>
    <ClInclude Include="..\..\Runtime\Render\GL20\VBO.h">
      <Filter>Runtime\Render\GL20</Filter>
    </ClInclude>
    <ClInclude Include="..\..\Runtime\Render\Attribute.h">
      <Filter>Runtime\Render</Filter>
    </ClInclude>
    <ClInclude Include="..\..\Runtime\Render\MaterialProperty.h">
      <Filter>Runtime\Render</Filter>
    </ClInclude>
    <ClInclude Include="..\..\Runtime\Render\RenderMisc.h">
      <Filter>Runtime\Render</Filter>
    </ClInclude>
    <ClInclude Include="..\..\Runtime\Render\RenderState.h">
      <Filter>Runtime\Render</Filter>
    </ClInclude>
    <ClInclude Include="..\..\Runtime\Render\VertexData.h">
      <Filter>Runtime\Render</Filter>
    </ClInclude>
    <ClInclude Include="..\..\Runtime\Math\Matrix3x3.h">
      <Filter>Runtime\Math</Filter>
    </ClInclude>
    <ClInclude Include="..\..\Runtime\Math\Quaternion.h">
      <Filter>Runtime\Math</Filter>
    </ClInclude>
    <ClInclude Include="..\..\Runtime\Math\YosefMatrix4x4.h">
      <Filter>Runtime\Math</Filter>
    </ClInclude>
    <ClInclude Include="..\..\Runtime\IO\ShaderResource.h">
      <Filter>Runtime\IO</Filter>
    </ClInclude>
    <ClInclude Include="..\..\Runtime\Geometry\Bezier.h">
      <Filter>Runtime\Geometry</Filter>
    </ClInclude>
    <ClInclude Include="..\..\Runtime\Geometry\CubicBezier.h">
      <Filter>Runtime\Geometry</Filter>
    </ClInclude>
    <ClInclude Include="..\..\Runtime\Geometry\Curve.h">
      <Filter>Runtime\Geometry</Filter>
    </ClInclude>
    <ClInclude Include="..\..\Runtime\Geometry\Point3.h">
      <Filter>Runtime\Geometry</Filter>
    </ClInclude>
    <ClInclude Include="..\..\Runtime\Geometry\Ray.h">
      <Filter>Runtime\Geometry</Filter>
    </ClInclude>
    <ClInclude Include="..\..\Runtime\Geometry\Sphere.h">
      <Filter>Runtime\Geometry</Filter>
    </ClInclude>
    <ClInclude Include="..\..\Runtime\Geometry\AABB.h">
      <Filter>Runtime\Geometry</Filter>
    </ClInclude>
    <ClInclude Include="..\..\Runtime\Geometry\Geometry.h">
      <Filter>Runtime\Geometry</Filter>
    </ClInclude>
    <ClInclude Include="..\..\Runtime\Geometry\Intersection.h">
      <Filter>Runtime\Geometry</Filter>
    </ClInclude>
    <ClInclude Include="..\..\Runtime\Geometry\Plane.h">
      <Filter>Runtime\Geometry</Filter>
    </ClInclude>
    <ClInclude Include="..\..\Runtime\Utils\TreeViewNode.h">
      <Filter>Runtime\Utils</Filter>
    </ClInclude>
    <ClInclude Include="..\..\Runtime\Utils\TTree.h">
      <Filter>Runtime\Utils</Filter>
    </ClInclude>
    <ClInclude Include="..\..\Runtime\Audio\AudioBuffer.h">
      <Filter>Runtime\Audio</Filter>
    </ClInclude>
    <ClInclude Include="..\..\Runtime\Audio\AudioDebugger.h">
      <Filter>Runtime\Audio</Filter>
    </ClInclude>
    <ClInclude Include="..\..\Runtime\Audio\AudioDevice.h">
      <Filter>Runtime\Audio</Filter>
    </ClInclude>
    <ClInclude Include="..\..\Runtime\Audio\AudioListener.h">
      <Filter>Runtime\Audio</Filter>
    </ClInclude>
    <ClInclude Include="..\..\Runtime\Audio\AudioSource.h">
      <Filter>Runtime\Audio</Filter>
    </ClInclude>
    <ClInclude Include="..\..\Runtime\Base\Component.h">
      <Filter>Runtime\Base</Filter>
    </ClInclude>
    <ClInclude Include="..\..\Runtime\Base\ScriptObject.h">
      <Filter>Runtime\Base</Filter>
    </ClInclude>
    <ClInclude Include="..\..\Runtime\Base\Transform.h">
      <Filter>Runtime\Base</Filter>
    </ClInclude>
    <ClInclude Include="..\..\Runtime\LuaEngine\LuaCallback.h">
      <Filter>Runtime\LuaEngine</Filter>
    </ClInclude>
    <ClInclude Include="..\..\Runtime\Render\Camera.h">
      <Filter>Runtime\Render</Filter>
    </ClInclude>
    <ClInclude Include="..\..\Runtime\Scene\TouchEvent.h">
      <Filter>Runtime\Scene</Filter>
    </ClInclude>
    <ClInclude Include="..\..\Runtime\Scene\EventDispatcher.h">
      <Filter>Runtime\Scene</Filter>
    </ClInclude>
    <ClInclude Include="..\..\Runtime\Scene\GameObject.h">
      <Filter>Runtime\Scene</Filter>
    </ClInclude>
    <ClInclude Include="..\..\Runtime\Scene\RendererManager.h">
      <Filter>Runtime\Scene</Filter>
    </ClInclude>
    <ClInclude Include="..\..\Runtime\2D\Component2D.h">
      <Filter>Runtime\2D</Filter>
    </ClInclude>
    <ClInclude Include="..\..\Runtime\2D\FullScreenQuad.h">
      <Filter>Runtime\2D</Filter>
    </ClInclude>
    <ClInclude Include="..\..\Runtime\2D\ImageSprite.h">
      <Filter>Runtime\2D</Filter>
    </ClInclude>
    <ClInclude Include="..\..\Runtime\2D\ImageSprite9.h">
      <Filter>Runtime\2D</Filter>
    </ClInclude>
    <ClInclude Include="..\..\Runtime\Render\Light\Light.h">
      <Filter>Runtime\Render\Light</Filter>
    </ClInclude>
    <ClInclude Include="..\..\Runtime\Render\Material.h">
      <Filter>Runtime\Render</Filter>
    </ClInclude>
    <ClInclude Include="..\..\Runtime\Render\RenderPass.h">
      <Filter>Runtime\Render</Filter>
    </ClInclude>
    <ClInclude Include="..\..\Runtime\Render\Shader.h">
      <Filter>Runtime\Render</Filter>
    </ClInclude>
    <ClInclude Include="..\..\Runtime\Render\UniformUpdater.h">
      <Filter>Runtime\Render</Filter>
    </ClInclude>
    <ClInclude Include="..\..\Runtime\3D\Mesh.h">
      <Filter>Runtime\3D</Filter>
    </ClInclude>
    <ClInclude Include="..\..\Runtime\3D\Model.h">
      <Filter>Runtime\3D</Filter>
    </ClInclude>
    <ClInclude Include="..\..\Runtime\Builtin\3D\SkyBox.h">
      <Filter>Runtime\Builtin\3D</Filter>
    </ClInclude>
    <ClInclude Include="..\..\Runtime\Render\IndexBuffer.h">
      <Filter>Runtime\Render</Filter>
    </ClInclude>
  </ItemGroup>
  <ItemGroup>
    <ResourceCompile Include="WinPlayer.rc">
      <Filter>Runtime</Filter>
    </ResourceCompile>
  </ItemGroup>
  <ItemGroup>
    <None Include="..\..\Runtime\IO\IOSBundleManager.mm">
      <Filter>Runtime\IO</Filter>
    </None>
  </ItemGroup>
</Project>